// !$*UTF8*$!
{
	archiveVersion = 1;
	classes = {
	};
	objectVersion = 50;
	objects = {

/* Begin PBXBuildFile section */
		4558F5A825F32526001B8102 /* AppDelegate.swift in Sources */ = {isa = PBXBuildFile; fileRef = 4558F5A725F32526001B8102 /* AppDelegate.swift */; };
		4558F5AA25F32526001B8102 /* SceneDelegate.swift in Sources */ = {isa = PBXBuildFile; fileRef = 4558F5A925F32526001B8102 /* SceneDelegate.swift */; };
		4558F5AC25F32526001B8102 /* ContentView.swift in Sources */ = {isa = PBXBuildFile; fileRef = 4558F5AB25F32526001B8102 /* ContentView.swift */; };
		4558F5AE25F3252A001B8102 /* Assets.xcassets in Resources */ = {isa = PBXBuildFile; fileRef = 4558F5AD25F3252A001B8102 /* Assets.xcassets */; };
		4558F5B125F3252A001B8102 /* Preview Assets.xcassets in Resources */ = {isa = PBXBuildFile; fileRef = 4558F5B025F3252A001B8102 /* Preview Assets.xcassets */; };
		4558F5B425F3252A001B8102 /* LaunchScreen.storyboard in Resources */ = {isa = PBXBuildFile; fileRef = 4558F5B225F3252A001B8102 /* LaunchScreen.storyboard */; };
		4558F5BC25F32CE9001B8102 /* ButtonSwiftUIView.swift in Sources */ = {isa = PBXBuildFile; fileRef = 4558F5BB25F32CE9001B8102 /* ButtonSwiftUIView.swift */; };
		4558F5BE25F32CFB001B8102 /* PickerSwiftUIView.swift in Sources */ = {isa = PBXBuildFile; fileRef = 4558F5BD25F32CFB001B8102 /* PickerSwiftUIView.swift */; };
		4558F5C025F32D0B001B8102 /* HSWSwiftUIView.swift in Sources */ = {isa = PBXBuildFile; fileRef = 4558F5BF25F32D0B001B8102 /* HSWSwiftUIView.swift */; };
		4558F5C225F32D1F001B8102 /* ImageSwiftUIView.swift in Sources */ = {isa = PBXBuildFile; fileRef = 4558F5C125F32D1F001B8102 /* ImageSwiftUIView.swift */; };
		4558F5C425F32D29001B8102 /* TextSwiftUIView.swift in Sources */ = {isa = PBXBuildFile; fileRef = 4558F5C325F32D29001B8102 /* TextSwiftUIView.swift */; };
		4558F5C625F32D31001B8102 /* VSWSwiftUIView.swift in Sources */ = {isa = PBXBuildFile; fileRef = 4558F5C525F32D31001B8102 /* VSWSwiftUIView.swift */; };
/* End PBXBuildFile section */

/* Begin PBXFileReference section */
		4558F5A425F32526001B8102 /* introToSwiftUI.app */ = {isa = PBXFileReference; explicitFileType = wrapper.application; includeInIndex = 0; path = introToSwiftUI.app; sourceTree = BUILT_PRODUCTS_DIR; };
		4558F5A725F32526001B8102 /* AppDelegate.swift */ = {isa = PBXFileReference; lastKnownFileType = sourcecode.swift; path = AppDelegate.swift; sourceTree = "<group>"; };
		4558F5A925F32526001B8102 /* SceneDelegate.swift */ = {isa = PBXFileReference; lastKnownFileType = sourcecode.swift; path = SceneDelegate.swift; sourceTree = "<group>"; };
		4558F5AB25F32526001B8102 /* ContentView.swift */ = {isa = PBXFileReference; lastKnownFileType = sourcecode.swift; path = ContentView.swift; sourceTree = "<group>"; };
		4558F5AD25F3252A001B8102 /* Assets.xcassets */ = {isa = PBXFileReference; lastKnownFileType = folder.assetcatalog; path = Assets.xcassets; sourceTree = "<group>"; };
		4558F5B025F3252A001B8102 /* Preview Assets.xcassets */ = {isa = PBXFileReference; lastKnownFileType = folder.assetcatalog; path = "Preview Assets.xcassets"; sourceTree = "<group>"; };
		4558F5B325F3252A001B8102 /* Base */ = {isa = PBXFileReference; lastKnownFileType = file.storyboard; name = Base; path = Base.lproj/LaunchScreen.storyboard; sourceTree = "<group>"; };
		4558F5B525F3252A001B8102 /* Info.plist */ = {isa = PBXFileReference; lastKnownFileType = text.plist.xml; path = Info.plist; sourceTree = "<group>"; };
		4558F5BB25F32CE9001B8102 /* ButtonSwiftUIView.swift */ = {isa = PBXFileReference; lastKnownFileType = sourcecode.swift; path = ButtonSwiftUIView.swift; sourceTree = "<group>"; };
		4558F5BD25F32CFB001B8102 /* PickerSwiftUIView.swift */ = {isa = PBXFileReference; lastKnownFileType = sourcecode.swift; path = PickerSwiftUIView.swift; sourceTree = "<group>"; };
		4558F5BF25F32D0B001B8102 /* HSWSwiftUIView.swift */ = {isa = PBXFileReference; lastKnownFileType = sourcecode.swift; path = HSWSwiftUIView.swift; sourceTree = "<group>"; };
		4558F5C125F32D1F001B8102 /* ImageSwiftUIView.swift */ = {isa = PBXFileReference; lastKnownFileType = sourcecode.swift; path = ImageSwiftUIView.swift; sourceTree = "<group>"; };
		4558F5C325F32D29001B8102 /* TextSwiftUIView.swift */ = {isa = PBXFileReference; lastKnownFileType = sourcecode.swift; path = TextSwiftUIView.swift; sourceTree = "<group>"; };
		4558F5C525F32D31001B8102 /* VSWSwiftUIView.swift */ = {isa = PBXFileReference; lastKnownFileType = sourcecode.swift; path = VSWSwiftUIView.swift; sourceTree = "<group>"; };
/* End PBXFileReference section */

/* Begin PBXFrameworksBuildPhase section */
		4558F5A125F32526001B8102 /* Frameworks */ = {
			isa = PBXFrameworksBuildPhase;
			buildActionMask = 2147483647;
			files = (
			);
			runOnlyForDeploymentPostprocessing = 0;
		};
/* End PBXFrameworksBuildPhase section */

/* Begin PBXGroup section */
		4558F59B25F32526001B8102 = {
			isa = PBXGroup;
			children = (
				4558F5A625F32526001B8102 /* introToSwiftUI */,
				4558F5A525F32526001B8102 /* Products */,
			);
			sourceTree = "<group>";
		};
		4558F5A525F32526001B8102 /* Products */ = {
			isa = PBXGroup;
			children = (
				4558F5A425F32526001B8102 /* introToSwiftUI.app */,
			);
			name = Products;
			sourceTree = "<group>";
		};
		4558F5A625F32526001B8102 /* introToSwiftUI */ = {
			isa = PBXGroup;
			children = (
				4558F5A725F32526001B8102 /* AppDelegate.swift */,
				4558F5A925F32526001B8102 /* SceneDelegate.swift */,
				4558F5AB25F32526001B8102 /* ContentView.swift */,
				4558F5C125F32D1F001B8102 /* ImageSwiftUIView.swift */,
				4558F5C325F32D29001B8102 /* TextSwiftUIView.swift */,
				4558F5C525F32D31001B8102 /* VSWSwiftUIView.swift */,
				4558F5BF25F32D0B001B8102 /* HSWSwiftUIView.swift */,
				4558F5BD25F32CFB001B8102 /* PickerSwiftUIView.swift */,
				4558F5BB25F32CE9001B8102 /* ButtonSwiftUIView.swift */,
				4558F5AD25F3252A001B8102 /* Assets.xcassets */,
				4558F5B225F3252A001B8102 /* LaunchScreen.storyboard */,
				4558F5B525F3252A001B8102 /* Info.plist */,
				4558F5AF25F3252A001B8102 /* Preview Content */,
			);
			path = introToSwiftUI;
			sourceTree = "<group>";
		};
		4558F5AF25F3252A001B8102 /* Preview Content */ = {
			isa = PBXGroup;
			children = (
				4558F5B025F3252A001B8102 /* Preview Assets.xcassets */,
			);
			path = "Preview Content";
			sourceTree = "<group>";
		};
/* End PBXGroup section */

/* Begin PBXNativeTarget section */
		4558F5A325F32526001B8102 /* introToSwiftUI */ = {
			isa = PBXNativeTarget;
			buildConfigurationList = 4558F5B825F3252A001B8102 /* Build configuration list for PBXNativeTarget "introToSwiftUI" */;
			buildPhases = (
				4558F5A025F32526001B8102 /* Sources */,
				4558F5A125F32526001B8102 /* Frameworks */,
				4558F5A225F32526001B8102 /* Resources */,
			);
			buildRules = (
			);
			dependencies = (
			);
			name = introToSwiftUI;
			productName = introToSwiftUI;
			productReference = 4558F5A425F32526001B8102 /* introToSwiftUI.app */;
			productType = "com.apple.product-type.application";
		};
/* End PBXNativeTarget section */

/* Begin PBXProject section */
		4558F59C25F32526001B8102 /* Project object */ = {
			isa = PBXProject;
			attributes = {
				LastSwiftUpdateCheck = 1150;
				LastUpgradeCheck = 1150;
				ORGANIZATIONNAME = harsh_TTN;
				TargetAttributes = {
					4558F5A325F32526001B8102 = {
						CreatedOnToolsVersion = 11.5;
					};
				};
			};
			buildConfigurationList = 4558F59F25F32526001B8102 /* Build configuration list for PBXProject "introToSwiftUI" */;
			compatibilityVersion = "Xcode 9.3";
			developmentRegion = en;
			hasScannedForEncodings = 0;
			knownRegions = (
				en,
				Base,
			);
			mainGroup = 4558F59B25F32526001B8102;
			productRefGroup = 4558F5A525F32526001B8102 /* Products */;
			projectDirPath = "";
			projectRoot = "";
			targets = (
				4558F5A325F32526001B8102 /* introToSwiftUI */,
			);
		};
/* End PBXProject section */

/* Begin PBXResourcesBuildPhase section */
		4558F5A225F32526001B8102 /* Resources */ = {
			isa = PBXResourcesBuildPhase;
			buildActionMask = 2147483647;
			files = (
				4558F5B425F3252A001B8102 /* LaunchScreen.storyboard in Resources */,
				4558F5B125F3252A001B8102 /* Preview Assets.xcassets in Resources */,
				4558F5AE25F3252A001B8102 /* Assets.xcassets in Resources */,
			);
			runOnlyForDeploymentPostprocessing = 0;
		};
/* End PBXResourcesBuildPhase section */

/* Begin PBXSourcesBuildPhase section */
		4558F5A025F32526001B8102 /* Sources */ = {
			isa = PBXSourcesBuildPhase;
			buildActionMask = 2147483647;
			files = (
				4558F5BE25F32CFB001B8102 /* PickerSwiftUIView.swift in Sources */,
				4558F5C625F32D31001B8102 /* VSWSwiftUIView.swift in Sources */,
				4558F5BC25F32CE9001B8102 /* ButtonSwiftUIView.swift in Sources */,
				4558F5A825F32526001B8102 /* AppDelegate.swift in Sources */,
				4558F5C425F32D29001B8102 /* TextSwiftUIView.swift in Sources */,
				4558F5C025F32D0B001B8102 /* HSWSwiftUIView.swift in Sources */,
				4558F5AA25F32526001B8102 /* SceneDelegate.swift in Sources */,
				4558F5C225F32D1F001B8102 /* ImageSwiftUIView.swift in Sources */,
				4558F5AC25F32526001B8102 /* ContentView.swift in Sources */,
			);
			runOnlyForDeploymentPostprocessing = 0;
		};
/* End PBXSourcesBuildPhase section */

/* Begin PBXVariantGroup section */
		4558F5B225F3252A001B8102 /* LaunchScreen.storyboard */ = {
			isa = PBXVariantGroup;
			children = (
				4558F5B325F3252A001B8102 /* Base */,
			);
			name = LaunchScreen.storyboard;
			sourceTree = "<group>";
		};
/* End PBXVariantGroup section */

/* Begin XCBuildConfiguration section */
		4558F5B625F3252A001B8102 /* Debug */ = {
			isa = XCBuildConfiguration;
			buildSettings = {
				ALWAYS_SEARCH_USER_PATHS = NO;
				CLANG_ANALYZER_NONNULL = YES;
				CLANG_ANALYZER_NUMBER_OBJECT_CONVERSION = YES_AGGRESSIVE;
				CLANG_CXX_LANGUAGE_STANDARD = "gnu++14";
				CLANG_CXX_LIBRARY = "libc++";
				CLANG_ENABLE_MODULES = YES;
				CLANG_ENABLE_OBJC_ARC = YES;
				CLANG_ENABLE_OBJC_WEAK = YES;
				CLANG_WARN_BLOCK_CAPTURE_AUTORELEASING = YES;
				CLANG_WARN_BOOL_CONVERSION = YES;
				CLANG_WARN_COMMA = YES;
				CLANG_WARN_CONSTANT_CONVERSION = YES;
				CLANG_WARN_DEPRECATED_OBJC_IMPLEMENTATIONS = YES;
				CLANG_WARN_DIRECT_OBJC_ISA_USAGE = YES_ERROR;
				CLANG_WARN_DOCUMENTATION_COMMENTS = YES;
				CLANG_WARN_EMPTY_BODY = YES;
				CLANG_WARN_ENUM_CONVERSION = YES;
				CLANG_WARN_INFINITE_RECURSION = YES;
				CLANG_WARN_INT_CONVERSION = YES;
				CLANG_WARN_NON_LITERAL_NULL_CONVERSION = YES;
				CLANG_WARN_OBJC_IMPLICIT_RETAIN_SELF = YES;
				CLANG_WARN_OBJC_LITERAL_CONVERSION = YES;
				CLANG_WARN_OBJC_ROOT_CLASS = YES_ERROR;
				CLANG_WARN_RANGE_LOOP_ANALYSIS = YES;
				CLANG_WARN_STRICT_PROTOTYPES = YES;
				CLANG_WARN_SUSPICIOUS_MOVE = YES;
				CLANG_WARN_UNGUARDED_AVAILABILITY = YES_AGGRESSIVE;
				CLANG_WARN_UNREACHABLE_CODE = YES;
				CLANG_WARN__DUPLICATE_METHOD_MATCH = YES;
				COPY_PHASE_STRIP = NO;
				DEBUG_INFORMATION_FORMAT = dwarf;
				ENABLE_STRICT_OBJC_MSGSEND = YES;
				ENABLE_TESTABILITY = YES;
				GCC_C_LANGUAGE_STANDARD = gnu11;
				GCC_DYNAMIC_NO_PIC = NO;
				GCC_NO_COMMON_BLOCKS = YES;
				GCC_OPTIMIZATION_LEVEL = 0;
				GCC_PREPROCESSOR_DEFINITIONS = (
					"DEBUG=1",
					"$(inherited)",
				);
				GCC_WARN_64_TO_32_BIT_CONVERSION = YES;
				GCC_WARN_ABOUT_RETURN_TYPE = YES_ERROR;
				GCC_WARN_UNDECLARED_SELECTOR = YES;
				GCC_WARN_UNINITIALIZED_AUTOS = YES_AGGRESSIVE;
				GCC_WARN_UNUSED_FUNCTION = YES;
				GCC_WARN_UNUSED_VARIABLE = YES;
				IPHONEOS_DEPLOYMENT_TARGET = 13.5;
				MTL_ENABLE_DEBUG_INFO = INCLUDE_SOURCE;
				MTL_FAST_MATH = YES;
				ONLY_ACTIVE_ARCH = YES;
				SDKROOT = iphoneos;
				SWIFT_ACTIVE_COMPILATION_CONDITIONS = DEBUG;
				SWIFT_OPTIMIZATION_LEVEL = "-Onone";
			};
			name = Debug;
		};
		4558F5B725F3252A001B8102 /* Release */ = {
			isa = XCBuildConfiguration;
			buildSettings = {
				ALWAYS_SEARCH_USER_PATHS = NO;
				CLANG_ANALYZER_NONNULL = YES;
				CLANG_ANALYZER_NUMBER_OBJECT_CONVERSION = YES_AGGRESSIVE;
				CLANG_CXX_LANGUAGE_STANDARD = "gnu++14";
				CLANG_CXX_LIBRARY = "libc++";
				CLANG_ENABLE_MODULES = YES;
				CLANG_ENABLE_OBJC_ARC = YES;
				CLANG_ENABLE_OBJC_WEAK = YES;
				CLANG_WARN_BLOCK_CAPTURE_AUTORELEASING = YES;
				CLANG_WARN_BOOL_CONVERSION = YES;
				CLANG_WARN_COMMA = YES;
				CLANG_WARN_CONSTANT_CONVERSION = YES;
				CLANG_WARN_DEPRECATED_OBJC_IMPLEMENTATIONS = YES;
				CLANG_WARN_DIRECT_OBJC_ISA_USAGE = YES_ERROR;
				CLANG_WARN_DOCUMENTATION_COMMENTS = YES;
				CLANG_WARN_EMPTY_BODY = YES;
				CLANG_WARN_ENUM_CONVERSION = YES;
				CLANG_WARN_INFINITE_RECURSION = YES;
				CLANG_WARN_INT_CONVERSION = YES;
				CLANG_WARN_NON_LITERAL_NULL_CONVERSION = YES;
				CLANG_WARN_OBJC_IMPLICIT_RETAIN_SELF = YES;
				CLANG_WARN_OBJC_LITERAL_CONVERSION = YES;
				CLANG_WARN_OBJC_ROOT_CLASS = YES_ERROR;
				CLANG_WARN_RANGE_LOOP_ANALYSIS = YES;
				CLANG_WARN_STRICT_PROTOTYPES = YES;
				CLANG_WARN_SUSPICIOUS_MOVE = YES;
				CLANG_WARN_UNGUARDED_AVAILABILITY = YES_AGGRESSIVE;
				CLANG_WARN_UNREACHABLE_CODE = YES;
				CLANG_WARN__DUPLICATE_METHOD_MATCH = YES;
				COPY_PHASE_STRIP = NO;
				DEBUG_INFORMATION_FORMAT = "dwarf-with-dsym";
				ENABLE_NS_ASSERTIONS = NO;
				ENABLE_STRICT_OBJC_MSGSEND = YES;
				GCC_C_LANGUAGE_STANDARD = gnu11;
				GCC_NO_COMMON_BLOCKS = YES;
				GCC_WARN_64_TO_32_BIT_CONVERSION = YES;
				GCC_WARN_ABOUT_RETURN_TYPE = YES_ERROR;
				GCC_WARN_UNDECLARED_SELECTOR = YES;
				GCC_WARN_UNINITIALIZED_AUTOS = YES_AGGRESSIVE;
				GCC_WARN_UNUSED_FUNCTION = YES;
				GCC_WARN_UNUSED_VARIABLE = YES;
				IPHONEOS_DEPLOYMENT_TARGET = 13.5;
				MTL_ENABLE_DEBUG_INFO = NO;
				MTL_FAST_MATH = YES;
				SDKROOT = iphoneos;
				SWIFT_COMPILATION_MODE = wholemodule;
				SWIFT_OPTIMIZATION_LEVEL = "-O";
				VALIDATE_PRODUCT = YES;
			};
			name = Release;
		};
		4558F5B925F3252A001B8102 /* Debug */ = {
			isa = XCBuildConfiguration;
			buildSettings = {
				ASSETCATALOG_COMPILER_APPICON_NAME = AppIcon;
				CODE_SIGN_STYLE = Automatic;
				DEVELOPMENT_ASSET_PATHS = "\"introToSwiftUI/Preview Content\"";
				ENABLE_PREVIEWS = YES;
				INFOPLIST_FILE = introToSwiftUI/Info.plist;
				LD_RUNPATH_SEARCH_PATHS = (
					"$(inherited)",
					"@executable_path/Frameworks",
				);
				PRODUCT_BUNDLE_IDENTIFIER = TTN.introToSwiftUI;
				PRODUCT_NAME = "$(TARGET_NAME)";
				SWIFT_VERSION = 5.0;
				TARGETED_DEVICE_FAMILY = "1,2";
			};
			name = Debug;
		};
		4558F5BA25F3252A001B8102 /* Release */ = {
			isa = XCBuildConfiguration;
			buildSettings = {
				ASSETCATALOG_COMPILER_APPICON_NAME = AppIcon;
				CODE_SIGN_STYLE = Automatic;
				DEVELOPMENT_ASSET_PATHS = "\"introToSwiftUI/Preview Content\"";
				ENABLE_PREVIEWS = YES;
				INFOPLIST_FILE = introToSwiftUI/Info.plist;
				LD_RUNPATH_SEARCH_PATHS = (
					"$(inherited)",
					"@executable_path/Frameworks",
				);
				PRODUCT_BUNDLE_IDENTIFIER = TTN.introToSwiftUI;
				PRODUCT_NAME = "$(TARGET_NAME)";
				SWIFT_VERSION = 5.0;
				TARGETED_DEVICE_FAMILY = "1,2";
			};
			name = Release;
		};
/* End XCBuildConfiguration section */

/* Begin XCConfigurationList section */
		4558F59F25F32526001B8102 /* Build configuration list for PBXProject "introToSwiftUI" */ = {
			isa = XCConfigurationList;
			buildConfigurations = (
				4558F5B625F3252A001B8102 /* Debug */,
				4558F5B725F3252A001B8102 /* Release */,
			);
			defaultConfigurationIsVisible = 0;
			defaultConfigurationName = Release;
		};
		4558F5B825F3252A001B8102 /* Build configuration list for PBXNativeTarget "introToSwiftUI" */ = {
			isa = XCConfigurationList;
			buildConfigurations = (
				4558F5B925F3252A001B8102 /* Debug */,
				4558F5BA25F3252A001B8102 /* Release */,
			);
			defaultConfigurationIsVisible = 0;
			defaultConfigurationName = Release;
		};
/* End XCConfigurationList section */
	};
	rootObject = 4558F59C25F32526001B8102 /* Project object */;
}
