// !$*UTF8*$!
{
	archiveVersion = 1;
	classes = {
	};
	objectVersion = 50;
	objects = {

/* Begin PBXBuildFile section */
		452FD02F260342DE00CF2BEC /* AppDelegate.swift in Sources */ = {isa = PBXBuildFile; fileRef = 452FD02E260342DE00CF2BEC /* AppDelegate.swift */; };
		452FD031260342DE00CF2BEC /* SceneDelegate.swift in Sources */ = {isa = PBXBuildFile; fileRef = 452FD030260342DE00CF2BEC /* SceneDelegate.swift */; };
		452FD036260342DE00CF2BEC /* Main.storyboard in Resources */ = {isa = PBXBuildFile; fileRef = 452FD034260342DE00CF2BEC /* Main.storyboard */; };
		452FD039260342DE00CF2BEC /* GalleryAppDemo.xcdatamodeld in Sources */ = {isa = PBXBuildFile; fileRef = 452FD037260342DE00CF2BEC /* GalleryAppDemo.xcdatamodeld */; };
		452FD03B260342DF00CF2BEC /* Assets.xcassets in Resources */ = {isa = PBXBuildFile; fileRef = 452FD03A260342DF00CF2BEC /* Assets.xcassets */; };
		452FD03E260342DF00CF2BEC /* LaunchScreen.storyboard in Resources */ = {isa = PBXBuildFile; fileRef = 452FD03C260342DF00CF2BEC /* LaunchScreen.storyboard */; };
		452FD0462603462300CF2BEC /* GalleryAppViewController.swift in Sources */ = {isa = PBXBuildFile; fileRef = 452FD0452603462300CF2BEC /* GalleryAppViewController.swift */; };
		452FD048260346AC00CF2BEC /* GalleryView.swift in Sources */ = {isa = PBXBuildFile; fileRef = 452FD047260346AC00CF2BEC /* GalleryView.swift */; };
		452FD04A26035B9F00CF2BEC /* GalleryModel.swift in Sources */ = {isa = PBXBuildFile; fileRef = 452FD04926035B9F00CF2BEC /* GalleryModel.swift */; };
/* End PBXBuildFile section */

/* Begin PBXFileReference section */
		452FD02B260342DE00CF2BEC /* GalleryAppDemo.app */ = {isa = PBXFileReference; explicitFileType = wrapper.application; includeInIndex = 0; path = GalleryAppDemo.app; sourceTree = BUILT_PRODUCTS_DIR; };
		452FD02E260342DE00CF2BEC /* AppDelegate.swift */ = {isa = PBXFileReference; lastKnownFileType = sourcecode.swift; path = AppDelegate.swift; sourceTree = "<group>"; };
		452FD030260342DE00CF2BEC /* SceneDelegate.swift */ = {isa = PBXFileReference; lastKnownFileType = sourcecode.swift; path = SceneDelegate.swift; sourceTree = "<group>"; };
		452FD035260342DE00CF2BEC /* Base */ = {isa = PBXFileReference; lastKnownFileType = file.storyboard; name = Base; path = Base.lproj/Main.storyboard; sourceTree = "<group>"; };
		452FD038260342DE00CF2BEC /* GalleryAppDemo.xcdatamodel */ = {isa = PBXFileReference; lastKnownFileType = wrapper.xcdatamodel; path = GalleryAppDemo.xcdatamodel; sourceTree = "<group>"; };
		452FD03A260342DF00CF2BEC /* Assets.xcassets */ = {isa = PBXFileReference; lastKnownFileType = folder.assetcatalog; path = Assets.xcassets; sourceTree = "<group>"; };
		452FD03D260342DF00CF2BEC /* Base */ = {isa = PBXFileReference; lastKnownFileType = file.storyboard; name = Base; path = Base.lproj/LaunchScreen.storyboard; sourceTree = "<group>"; };
		452FD03F260342DF00CF2BEC /* Info.plist */ = {isa = PBXFileReference; lastKnownFileType = text.plist.xml; path = Info.plist; sourceTree = "<group>"; };
		452FD0452603462300CF2BEC /* GalleryAppViewController.swift */ = {isa = PBXFileReference; lastKnownFileType = sourcecode.swift; path = GalleryAppViewController.swift; sourceTree = "<group>"; };
		452FD047260346AC00CF2BEC /* GalleryView.swift */ = {isa = PBXFileReference; lastKnownFileType = sourcecode.swift; path = GalleryView.swift; sourceTree = "<group>"; };
		452FD04926035B9F00CF2BEC /* GalleryModel.swift */ = {isa = PBXFileReference; lastKnownFileType = sourcecode.swift; path = GalleryModel.swift; sourceTree = "<group>"; };
/* End PBXFileReference section */

/* Begin PBXFrameworksBuildPhase section */
		452FD028260342DE00CF2BEC /* Frameworks */ = {
			isa = PBXFrameworksBuildPhase;
			buildActionMask = 2147483647;
			files = (
			);
			runOnlyForDeploymentPostprocessing = 0;
		};
/* End PBXFrameworksBuildPhase section */

/* Begin PBXGroup section */
		452FD022260342DE00CF2BEC = {
			isa = PBXGroup;
			children = (
				452FD02D260342DE00CF2BEC /* GalleryAppDemo */,
				452FD02C260342DE00CF2BEC /* Products */,
			);
			sourceTree = "<group>";
		};
		452FD02C260342DE00CF2BEC /* Products */ = {
			isa = PBXGroup;
			children = (
				452FD02B260342DE00CF2BEC /* GalleryAppDemo.app */,
			);
			name = Products;
			sourceTree = "<group>";
		};
		452FD02D260342DE00CF2BEC /* GalleryAppDemo */ = {
			isa = PBXGroup;
			children = (
				452FD02E260342DE00CF2BEC /* AppDelegate.swift */,
				452FD030260342DE00CF2BEC /* SceneDelegate.swift */,
				452FD034260342DE00CF2BEC /* Main.storyboard */,
				452FD03A260342DF00CF2BEC /* Assets.xcassets */,
				452FD03C260342DF00CF2BEC /* LaunchScreen.storyboard */,
				452FD03F260342DF00CF2BEC /* Info.plist */,
				452FD037260342DE00CF2BEC /* GalleryAppDemo.xcdatamodeld */,
				452FD0452603462300CF2BEC /* GalleryAppViewController.swift */,
				452FD047260346AC00CF2BEC /* GalleryView.swift */,
				452FD04926035B9F00CF2BEC /* GalleryModel.swift */,
			);
			path = GalleryAppDemo;
			sourceTree = "<group>";
		};
/* End PBXGroup section */

/* Begin PBXNativeTarget section */
		452FD02A260342DE00CF2BEC /* GalleryAppDemo */ = {
			isa = PBXNativeTarget;
			buildConfigurationList = 452FD042260342DF00CF2BEC /* Build configuration list for PBXNativeTarget "GalleryAppDemo" */;
			buildPhases = (
				452FD027260342DE00CF2BEC /* Sources */,
				452FD028260342DE00CF2BEC /* Frameworks */,
				452FD029260342DE00CF2BEC /* Resources */,
			);
			buildRules = (
			);
			dependencies = (
			);
			name = GalleryAppDemo;
			productName = GalleryAppDemo;
			productReference = 452FD02B260342DE00CF2BEC /* GalleryAppDemo.app */;
			productType = "com.apple.product-type.application";
		};
/* End PBXNativeTarget section */

/* Begin PBXProject section */
		452FD023260342DE00CF2BEC /* Project object */ = {
			isa = PBXProject;
			attributes = {
				LastSwiftUpdateCheck = 1150;
				LastUpgradeCheck = 1150;
				ORGANIZATIONNAME = TTN;
				TargetAttributes = {
					452FD02A260342DE00CF2BEC = {
						CreatedOnToolsVersion = 11.5;
					};
				};
			};
			buildConfigurationList = 452FD026260342DE00CF2BEC /* Build configuration list for PBXProject "GalleryAppDemo" */;
			compatibilityVersion = "Xcode 9.3";
			developmentRegion = en;
			hasScannedForEncodings = 0;
			knownRegions = (
				en,
				Base,
			);
			mainGroup = 452FD022260342DE00CF2BEC;
			productRefGroup = 452FD02C260342DE00CF2BEC /* Products */;
			projectDirPath = "";
			projectRoot = "";
			targets = (
				452FD02A260342DE00CF2BEC /* GalleryAppDemo */,
			);
		};
/* End PBXProject section */

/* Begin PBXResourcesBuildPhase section */
		452FD029260342DE00CF2BEC /* Resources */ = {
			isa = PBXResourcesBuildPhase;
			buildActionMask = 2147483647;
			files = (
				452FD03E260342DF00CF2BEC /* LaunchScreen.storyboard in Resources */,
				452FD03B260342DF00CF2BEC /* Assets.xcassets in Resources */,
				452FD036260342DE00CF2BEC /* Main.storyboard in Resources */,
			);
			runOnlyForDeploymentPostprocessing = 0;
		};
/* End PBXResourcesBuildPhase section */

/* Begin PBXSourcesBuildPhase section */
		452FD027260342DE00CF2BEC /* Sources */ = {
			isa = PBXSourcesBuildPhase;
			buildActionMask = 2147483647;
			files = (
				452FD0462603462300CF2BEC /* GalleryAppViewController.swift in Sources */,
				452FD039260342DE00CF2BEC /* GalleryAppDemo.xcdatamodeld in Sources */,
				452FD02F260342DE00CF2BEC /* AppDelegate.swift in Sources */,
				452FD031260342DE00CF2BEC /* SceneDelegate.swift in Sources */,
				452FD04A26035B9F00CF2BEC /* GalleryModel.swift in Sources */,
				452FD048260346AC00CF2BEC /* GalleryView.swift in Sources */,
			);
			runOnlyForDeploymentPostprocessing = 0;
		};
/* End PBXSourcesBuildPhase section */

/* Begin PBXVariantGroup section */
		452FD034260342DE00CF2BEC /* Main.storyboard */ = {
			isa = PBXVariantGroup;
			children = (
				452FD035260342DE00CF2BEC /* Base */,
			);
			name = Main.storyboard;
			sourceTree = "<group>";
		};
		452FD03C260342DF00CF2BEC /* LaunchScreen.storyboard */ = {
			isa = PBXVariantGroup;
			children = (
				452FD03D260342DF00CF2BEC /* Base */,
			);
			name = LaunchScreen.storyboard;
			sourceTree = "<group>";
		};
/* End PBXVariantGroup section */

/* Begin XCBuildConfiguration section */
		452FD040260342DF00CF2BEC /* Debug */ = {
			isa = XCBuildConfiguration;
			buildSettings = {
				ALWAYS_SEARCH_USER_PATHS = NO;
				CLANG_ANALYZER_NONNULL = YES;
				CLANG_ANALYZER_NUMBER_OBJECT_CONVERSION = YES_AGGRESSIVE;
				CLANG_CXX_LANGUAGE_STANDARD = "gnu++14";
				CLANG_CXX_LIBRARY = "libc++";
				CLANG_ENABLE_MODULES = YES;
				CLANG_ENABLE_OBJC_ARC = YES;
				CLANG_ENABLE_OBJC_WEAK = YES;
				CLANG_WARN_BLOCK_CAPTURE_AUTORELEASING = YES;
				CLANG_WARN_BOOL_CONVERSION = YES;
				CLANG_WARN_COMMA = YES;
				CLANG_WARN_CONSTANT_CONVERSION = YES;
				CLANG_WARN_DEPRECATED_OBJC_IMPLEMENTATIONS = YES;
				CLANG_WARN_DIRECT_OBJC_ISA_USAGE = YES_ERROR;
				CLANG_WARN_DOCUMENTATION_COMMENTS = YES;
				CLANG_WARN_EMPTY_BODY = YES;
				CLANG_WARN_ENUM_CONVERSION = YES;
				CLANG_WARN_INFINITE_RECURSION = YES;
				CLANG_WARN_INT_CONVERSION = YES;
				CLANG_WARN_NON_LITERAL_NULL_CONVERSION = YES;
				CLANG_WARN_OBJC_IMPLICIT_RETAIN_SELF = YES;
				CLANG_WARN_OBJC_LITERAL_CONVERSION = YES;
				CLANG_WARN_OBJC_ROOT_CLASS = YES_ERROR;
				CLANG_WARN_RANGE_LOOP_ANALYSIS = YES;
				CLANG_WARN_STRICT_PROTOTYPES = YES;
				CLANG_WARN_SUSPICIOUS_MOVE = YES;
				CLANG_WARN_UNGUARDED_AVAILABILITY = YES_AGGRESSIVE;
				CLANG_WARN_UNREACHABLE_CODE = YES;
				CLANG_WARN__DUPLICATE_METHOD_MATCH = YES;
				COPY_PHASE_STRIP = NO;
				DEBUG_INFORMATION_FORMAT = dwarf;
				ENABLE_STRICT_OBJC_MSGSEND = YES;
				ENABLE_TESTABILITY = YES;
				GCC_C_LANGUAGE_STANDARD = gnu11;
				GCC_DYNAMIC_NO_PIC = NO;
				GCC_NO_COMMON_BLOCKS = YES;
				GCC_OPTIMIZATION_LEVEL = 0;
				GCC_PREPROCESSOR_DEFINITIONS = (
					"DEBUG=1",
					"$(inherited)",
				);
				GCC_WARN_64_TO_32_BIT_CONVERSION = YES;
				GCC_WARN_ABOUT_RETURN_TYPE = YES_ERROR;
				GCC_WARN_UNDECLARED_SELECTOR = YES;
				GCC_WARN_UNINITIALIZED_AUTOS = YES_AGGRESSIVE;
				GCC_WARN_UNUSED_FUNCTION = YES;
				GCC_WARN_UNUSED_VARIABLE = YES;
				IPHONEOS_DEPLOYMENT_TARGET = 13.5;
				MTL_ENABLE_DEBUG_INFO = INCLUDE_SOURCE;
				MTL_FAST_MATH = YES;
				ONLY_ACTIVE_ARCH = YES;
				SDKROOT = iphoneos;
				SWIFT_ACTIVE_COMPILATION_CONDITIONS = DEBUG;
				SWIFT_OPTIMIZATION_LEVEL = "-Onone";
			};
			name = Debug;
		};
		452FD041260342DF00CF2BEC /* Release */ = {
			isa = XCBuildConfiguration;
			buildSettings = {
				ALWAYS_SEARCH_USER_PATHS = NO;
				CLANG_ANALYZER_NONNULL = YES;
				CLANG_ANALYZER_NUMBER_OBJECT_CONVERSION = YES_AGGRESSIVE;
				CLANG_CXX_LANGUAGE_STANDARD = "gnu++14";
				CLANG_CXX_LIBRARY = "libc++";
				CLANG_ENABLE_MODULES = YES;
				CLANG_ENABLE_OBJC_ARC = YES;
				CLANG_ENABLE_OBJC_WEAK = YES;
				CLANG_WARN_BLOCK_CAPTURE_AUTORELEASING = YES;
				CLANG_WARN_BOOL_CONVERSION = YES;
				CLANG_WARN_COMMA = YES;
				CLANG_WARN_CONSTANT_CONVERSION = YES;
				CLANG_WARN_DEPRECATED_OBJC_IMPLEMENTATIONS = YES;
				CLANG_WARN_DIRECT_OBJC_ISA_USAGE = YES_ERROR;
				CLANG_WARN_DOCUMENTATION_COMMENTS = YES;
				CLANG_WARN_EMPTY_BODY = YES;
				CLANG_WARN_ENUM_CONVERSION = YES;
				CLANG_WARN_INFINITE_RECURSION = YES;
				CLANG_WARN_INT_CONVERSION = YES;
				CLANG_WARN_NON_LITERAL_NULL_CONVERSION = YES;
				CLANG_WARN_OBJC_IMPLICIT_RETAIN_SELF = YES;
				CLANG_WARN_OBJC_LITERAL_CONVERSION = YES;
				CLANG_WARN_OBJC_ROOT_CLASS = YES_ERROR;
				CLANG_WARN_RANGE_LOOP_ANALYSIS = YES;
				CLANG_WARN_STRICT_PROTOTYPES = YES;
				CLANG_WARN_SUSPICIOUS_MOVE = YES;
				CLANG_WARN_UNGUARDED_AVAILABILITY = YES_AGGRESSIVE;
				CLANG_WARN_UNREACHABLE_CODE = YES;
				CLANG_WARN__DUPLICATE_METHOD_MATCH = YES;
				COPY_PHASE_STRIP = NO;
				DEBUG_INFORMATION_FORMAT = "dwarf-with-dsym";
				ENABLE_NS_ASSERTIONS = NO;
				ENABLE_STRICT_OBJC_MSGSEND = YES;
				GCC_C_LANGUAGE_STANDARD = gnu11;
				GCC_NO_COMMON_BLOCKS = YES;
				GCC_WARN_64_TO_32_BIT_CONVERSION = YES;
				GCC_WARN_ABOUT_RETURN_TYPE = YES_ERROR;
				GCC_WARN_UNDECLARED_SELECTOR = YES;
				GCC_WARN_UNINITIALIZED_AUTOS = YES_AGGRESSIVE;
				GCC_WARN_UNUSED_FUNCTION = YES;
				GCC_WARN_UNUSED_VARIABLE = YES;
				IPHONEOS_DEPLOYMENT_TARGET = 13.5;
				MTL_ENABLE_DEBUG_INFO = NO;
				MTL_FAST_MATH = YES;
				SDKROOT = iphoneos;
				SWIFT_COMPILATION_MODE = wholemodule;
				SWIFT_OPTIMIZATION_LEVEL = "-O";
				VALIDATE_PRODUCT = YES;
			};
			name = Release;
		};
		452FD043260342DF00CF2BEC /* Debug */ = {
			isa = XCBuildConfiguration;
			buildSettings = {
				ASSETCATALOG_COMPILER_APPICON_NAME = AppIcon;
				CODE_SIGN_STYLE = Automatic;
				INFOPLIST_FILE = GalleryAppDemo/Info.plist;
				LD_RUNPATH_SEARCH_PATHS = (
					"$(inherited)",
					"@executable_path/Frameworks",
				);
				PRODUCT_BUNDLE_IDENTIFIER = com.kc.GalleryAppDemo;
				PRODUCT_NAME = "$(TARGET_NAME)";
				SWIFT_VERSION = 5.0;
				TARGETED_DEVICE_FAMILY = "1,2";
			};
			name = Debug;
		};
		452FD044260342DF00CF2BEC /* Release */ = {
			isa = XCBuildConfiguration;
			buildSettings = {
				ASSETCATALOG_COMPILER_APPICON_NAME = AppIcon;
				CODE_SIGN_STYLE = Automatic;
				INFOPLIST_FILE = GalleryAppDemo/Info.plist;
				LD_RUNPATH_SEARCH_PATHS = (
					"$(inherited)",
					"@executable_path/Frameworks",
				);
				PRODUCT_BUNDLE_IDENTIFIER = com.kc.GalleryAppDemo;
				PRODUCT_NAME = "$(TARGET_NAME)";
				SWIFT_VERSION = 5.0;
				TARGETED_DEVICE_FAMILY = "1,2";
			};
			name = Release;
		};
/* End XCBuildConfiguration section */

/* Begin XCConfigurationList section */
		452FD026260342DE00CF2BEC /* Build configuration list for PBXProject "GalleryAppDemo" */ = {
			isa = XCConfigurationList;
			buildConfigurations = (
				452FD040260342DF00CF2BEC /* Debug */,
				452FD041260342DF00CF2BEC /* Release */,
			);
			defaultConfigurationIsVisible = 0;
			defaultConfigurationName = Release;
		};
		452FD042260342DF00CF2BEC /* Build configuration list for PBXNativeTarget "GalleryAppDemo" */ = {
			isa = XCConfigurationList;
			buildConfigurations = (
				452FD043260342DF00CF2BEC /* Debug */,
				452FD044260342DF00CF2BEC /* Release */,
			);
			defaultConfigurationIsVisible = 0;
			defaultConfigurationName = Release;
		};
/* End XCConfigurationList section */

/* Begin XCVersionGroup section */
		452FD037260342DE00CF2BEC /* GalleryAppDemo.xcdatamodeld */ = {
			isa = XCVersionGroup;
			children = (
				452FD038260342DE00CF2BEC /* GalleryAppDemo.xcdatamodel */,
			);
			currentVersion = 452FD038260342DE00CF2BEC /* GalleryAppDemo.xcdatamodel */;
			path = GalleryAppDemo.xcdatamodeld;
			sourceTree = "<group>";
			versionGroupType = wrapper.xcdatamodel;
		};
/* End XCVersionGroup section */
	};
	rootObject = 452FD023260342DE00CF2BEC /* Project object */;
}
