// !$*UTF8*$!
{
	archiveVersion = 1;
	classes = {
	};
	objectVersion = 50;
	objects = {

/* Begin PBXBuildFile section */
		452FD0AF260865A700CF2BEC /* AppDelegate.swift in Sources */ = {isa = PBXBuildFile; fileRef = 452FD0AE260865A700CF2BEC /* AppDelegate.swift */; };
		452FD0B1260865A700CF2BEC /* SceneDelegate.swift in Sources */ = {isa = PBXBuildFile; fileRef = 452FD0B0260865A700CF2BEC /* SceneDelegate.swift */; };
		452FD0B3260865A700CF2BEC /* QuestionViewController.swift in Sources */ = {isa = PBXBuildFile; fileRef = 452FD0B2260865A700CF2BEC /* QuestionViewController.swift */; };
		452FD0B6260865A700CF2BEC /* Main.storyboard in Resources */ = {isa = PBXBuildFile; fileRef = 452FD0B4260865A700CF2BEC /* Main.storyboard */; };
		452FD0B9260865A700CF2BEC /* MVCDemo.xcdatamodeld in Sources */ = {isa = PBXBuildFile; fileRef = 452FD0B7260865A700CF2BEC /* MVCDemo.xcdatamodeld */; };
		452FD0BB260865A900CF2BEC /* Assets.xcassets in Resources */ = {isa = PBXBuildFile; fileRef = 452FD0BA260865A900CF2BEC /* Assets.xcassets */; };
		452FD0BE260865A900CF2BEC /* LaunchScreen.storyboard in Resources */ = {isa = PBXBuildFile; fileRef = 452FD0BC260865A900CF2BEC /* LaunchScreen.storyboard */; };
		452FD0CC260869F600CF2BEC /* Question.swift in Sources */ = {isa = PBXBuildFile; fileRef = 452FD0CB260869F600CF2BEC /* Question.swift */; };
		452FD0CE26086A5E00CF2BEC /* QuestionGroup.swift in Sources */ = {isa = PBXBuildFile; fileRef = 452FD0CD26086A5E00CF2BEC /* QuestionGroup.swift */; };
/* End PBXBuildFile section */

/* Begin PBXFileReference section */
		452FD0AB260865A700CF2BEC /* MVCDemo.app */ = {isa = PBXFileReference; explicitFileType = wrapper.application; includeInIndex = 0; path = MVCDemo.app; sourceTree = BUILT_PRODUCTS_DIR; };
		452FD0AE260865A700CF2BEC /* AppDelegate.swift */ = {isa = PBXFileReference; lastKnownFileType = sourcecode.swift; path = AppDelegate.swift; sourceTree = "<group>"; };
		452FD0B0260865A700CF2BEC /* SceneDelegate.swift */ = {isa = PBXFileReference; lastKnownFileType = sourcecode.swift; path = SceneDelegate.swift; sourceTree = "<group>"; };
		452FD0B2260865A700CF2BEC /* QuestionViewController.swift */ = {isa = PBXFileReference; lastKnownFileType = sourcecode.swift; path = QuestionViewController.swift; sourceTree = "<group>"; };
		452FD0B5260865A700CF2BEC /* Base */ = {isa = PBXFileReference; lastKnownFileType = file.storyboard; name = Base; path = Base.lproj/Main.storyboard; sourceTree = "<group>"; };
		452FD0B8260865A700CF2BEC /* MVCDemo.xcdatamodel */ = {isa = PBXFileReference; lastKnownFileType = wrapper.xcdatamodel; path = MVCDemo.xcdatamodel; sourceTree = "<group>"; };
		452FD0BA260865A900CF2BEC /* Assets.xcassets */ = {isa = PBXFileReference; lastKnownFileType = folder.assetcatalog; path = Assets.xcassets; sourceTree = "<group>"; };
		452FD0BD260865A900CF2BEC /* Base */ = {isa = PBXFileReference; lastKnownFileType = file.storyboard; name = Base; path = Base.lproj/LaunchScreen.storyboard; sourceTree = "<group>"; };
		452FD0BF260865A900CF2BEC /* Info.plist */ = {isa = PBXFileReference; lastKnownFileType = text.plist.xml; path = Info.plist; sourceTree = "<group>"; };
		452FD0CB260869F600CF2BEC /* Question.swift */ = {isa = PBXFileReference; lastKnownFileType = sourcecode.swift; path = Question.swift; sourceTree = "<group>"; };
		452FD0CD26086A5E00CF2BEC /* QuestionGroup.swift */ = {isa = PBXFileReference; lastKnownFileType = sourcecode.swift; path = QuestionGroup.swift; sourceTree = "<group>"; };
/* End PBXFileReference section */

/* Begin PBXFrameworksBuildPhase section */
		452FD0A8260865A700CF2BEC /* Frameworks */ = {
			isa = PBXFrameworksBuildPhase;
			buildActionMask = 2147483647;
			files = (
			);
			runOnlyForDeploymentPostprocessing = 0;
		};
/* End PBXFrameworksBuildPhase section */

/* Begin PBXGroup section */
		452FD0A2260865A700CF2BEC = {
			isa = PBXGroup;
			children = (
				452FD0AD260865A700CF2BEC /* MVCDemo */,
				452FD0AC260865A700CF2BEC /* Products */,
			);
			sourceTree = "<group>";
		};
		452FD0AC260865A700CF2BEC /* Products */ = {
			isa = PBXGroup;
			children = (
				452FD0AB260865A700CF2BEC /* MVCDemo.app */,
			);
			name = Products;
			sourceTree = "<group>";
		};
		452FD0AD260865A700CF2BEC /* MVCDemo */ = {
			isa = PBXGroup;
			children = (
				452FD0C5260867D000CF2BEC /* AppDelegate */,
				452FD0C62608681B00CF2BEC /* Controllers */,
				452FD0C82608682E00CF2BEC /* Models */,
				452FD0B7260865A700CF2BEC /* MVCDemo.xcdatamodeld */,
				452FD0C92608683400CF2BEC /* Resources */,
				452FD0CA2608684700CF2BEC /* Views */,
			);
			path = MVCDemo;
			sourceTree = "<group>";
		};
		452FD0C5260867D000CF2BEC /* AppDelegate */ = {
			isa = PBXGroup;
			children = (
				452FD0AE260865A700CF2BEC /* AppDelegate.swift */,
				452FD0B0260865A700CF2BEC /* SceneDelegate.swift */,
			);
			path = AppDelegate;
			sourceTree = "<group>";
		};
		452FD0C62608681B00CF2BEC /* Controllers */ = {
			isa = PBXGroup;
			children = (
				452FD0B2260865A700CF2BEC /* QuestionViewController.swift */,
			);
			path = Controllers;
			sourceTree = "<group>";
		};
		452FD0C82608682E00CF2BEC /* Models */ = {
			isa = PBXGroup;
			children = (
				452FD0CB260869F600CF2BEC /* Question.swift */,
				452FD0CD26086A5E00CF2BEC /* QuestionGroup.swift */,
			);
			path = Models;
			sourceTree = "<group>";
		};
		452FD0C92608683400CF2BEC /* Resources */ = {
			isa = PBXGroup;
			children = (
				452FD0BA260865A900CF2BEC /* Assets.xcassets */,
				452FD0BF260865A900CF2BEC /* Info.plist */,
			);
			path = Resources;
			sourceTree = "<group>";
		};
		452FD0CA2608684700CF2BEC /* Views */ = {
			isa = PBXGroup;
			children = (
				452FD0B4260865A700CF2BEC /* Main.storyboard */,
				452FD0BC260865A900CF2BEC /* LaunchScreen.storyboard */,
			);
			path = Views;
			sourceTree = "<group>";
		};
/* End PBXGroup section */

/* Begin PBXNativeTarget section */
		452FD0AA260865A700CF2BEC /* MVCDemo */ = {
			isa = PBXNativeTarget;
			buildConfigurationList = 452FD0C2260865A900CF2BEC /* Build configuration list for PBXNativeTarget "MVCDemo" */;
			buildPhases = (
				452FD0A7260865A700CF2BEC /* Sources */,
				452FD0A8260865A700CF2BEC /* Frameworks */,
				452FD0A9260865A700CF2BEC /* Resources */,
			);
			buildRules = (
			);
			dependencies = (
			);
			name = MVCDemo;
			productName = MVCDemo;
			productReference = 452FD0AB260865A700CF2BEC /* MVCDemo.app */;
			productType = "com.apple.product-type.application";
		};
/* End PBXNativeTarget section */

/* Begin PBXProject section */
		452FD0A3260865A700CF2BEC /* Project object */ = {
			isa = PBXProject;
			attributes = {
				LastSwiftUpdateCheck = 1150;
				LastUpgradeCheck = 1150;
				ORGANIZATIONNAME = TTN;
				TargetAttributes = {
					452FD0AA260865A700CF2BEC = {
						CreatedOnToolsVersion = 11.5;
					};
				};
			};
			buildConfigurationList = 452FD0A6260865A700CF2BEC /* Build configuration list for PBXProject "MVCDemo" */;
			compatibilityVersion = "Xcode 9.3";
			developmentRegion = en;
			hasScannedForEncodings = 0;
			knownRegions = (
				en,
				Base,
			);
			mainGroup = 452FD0A2260865A700CF2BEC;
			productRefGroup = 452FD0AC260865A700CF2BEC /* Products */;
			projectDirPath = "";
			projectRoot = "";
			targets = (
				452FD0AA260865A700CF2BEC /* MVCDemo */,
			);
		};
/* End PBXProject section */

/* Begin PBXResourcesBuildPhase section */
		452FD0A9260865A700CF2BEC /* Resources */ = {
			isa = PBXResourcesBuildPhase;
			buildActionMask = 2147483647;
			files = (
				452FD0BE260865A900CF2BEC /* LaunchScreen.storyboard in Resources */,
				452FD0BB260865A900CF2BEC /* Assets.xcassets in Resources */,
				452FD0B6260865A700CF2BEC /* Main.storyboard in Resources */,
			);
			runOnlyForDeploymentPostprocessing = 0;
		};
/* End PBXResourcesBuildPhase section */

/* Begin PBXSourcesBuildPhase section */
		452FD0A7260865A700CF2BEC /* Sources */ = {
			isa = PBXSourcesBuildPhase;
			buildActionMask = 2147483647;
			files = (
				452FD0CC260869F600CF2BEC /* Question.swift in Sources */,
				452FD0B3260865A700CF2BEC /* QuestionViewController.swift in Sources */,
				452FD0AF260865A700CF2BEC /* AppDelegate.swift in Sources */,
				452FD0CE26086A5E00CF2BEC /* QuestionGroup.swift in Sources */,
				452FD0B1260865A700CF2BEC /* SceneDelegate.swift in Sources */,
				452FD0B9260865A700CF2BEC /* MVCDemo.xcdatamodeld in Sources */,
			);
			runOnlyForDeploymentPostprocessing = 0;
		};
/* End PBXSourcesBuildPhase section */

/* Begin PBXVariantGroup section */
		452FD0B4260865A700CF2BEC /* Main.storyboard */ = {
			isa = PBXVariantGroup;
			children = (
				452FD0B5260865A700CF2BEC /* Base */,
			);
			name = Main.storyboard;
			sourceTree = "<group>";
		};
		452FD0BC260865A900CF2BEC /* LaunchScreen.storyboard */ = {
			isa = PBXVariantGroup;
			children = (
				452FD0BD260865A900CF2BEC /* Base */,
			);
			name = LaunchScreen.storyboard;
			sourceTree = "<group>";
		};
/* End PBXVariantGroup section */

/* Begin XCBuildConfiguration section */
		452FD0C0260865A900CF2BEC /* Debug */ = {
			isa = XCBuildConfiguration;
			buildSettings = {
				ALWAYS_SEARCH_USER_PATHS = NO;
				CLANG_ANALYZER_NONNULL = YES;
				CLANG_ANALYZER_NUMBER_OBJECT_CONVERSION = YES_AGGRESSIVE;
				CLANG_CXX_LANGUAGE_STANDARD = "gnu++14";
				CLANG_CXX_LIBRARY = "libc++";
				CLANG_ENABLE_MODULES = YES;
				CLANG_ENABLE_OBJC_ARC = YES;
				CLANG_ENABLE_OBJC_WEAK = YES;
				CLANG_WARN_BLOCK_CAPTURE_AUTORELEASING = YES;
				CLANG_WARN_BOOL_CONVERSION = YES;
				CLANG_WARN_COMMA = YES;
				CLANG_WARN_CONSTANT_CONVERSION = YES;
				CLANG_WARN_DEPRECATED_OBJC_IMPLEMENTATIONS = YES;
				CLANG_WARN_DIRECT_OBJC_ISA_USAGE = YES_ERROR;
				CLANG_WARN_DOCUMENTATION_COMMENTS = YES;
				CLANG_WARN_EMPTY_BODY = YES;
				CLANG_WARN_ENUM_CONVERSION = YES;
				CLANG_WARN_INFINITE_RECURSION = YES;
				CLANG_WARN_INT_CONVERSION = YES;
				CLANG_WARN_NON_LITERAL_NULL_CONVERSION = YES;
				CLANG_WARN_OBJC_IMPLICIT_RETAIN_SELF = YES;
				CLANG_WARN_OBJC_LITERAL_CONVERSION = YES;
				CLANG_WARN_OBJC_ROOT_CLASS = YES_ERROR;
				CLANG_WARN_RANGE_LOOP_ANALYSIS = YES;
				CLANG_WARN_STRICT_PROTOTYPES = YES;
				CLANG_WARN_SUSPICIOUS_MOVE = YES;
				CLANG_WARN_UNGUARDED_AVAILABILITY = YES_AGGRESSIVE;
				CLANG_WARN_UNREACHABLE_CODE = YES;
				CLANG_WARN__DUPLICATE_METHOD_MATCH = YES;
				COPY_PHASE_STRIP = NO;
				DEBUG_INFORMATION_FORMAT = dwarf;
				ENABLE_STRICT_OBJC_MSGSEND = YES;
				ENABLE_TESTABILITY = YES;
				GCC_C_LANGUAGE_STANDARD = gnu11;
				GCC_DYNAMIC_NO_PIC = NO;
				GCC_NO_COMMON_BLOCKS = YES;
				GCC_OPTIMIZATION_LEVEL = 0;
				GCC_PREPROCESSOR_DEFINITIONS = (
					"DEBUG=1",
					"$(inherited)",
				);
				GCC_WARN_64_TO_32_BIT_CONVERSION = YES;
				GCC_WARN_ABOUT_RETURN_TYPE = YES_ERROR;
				GCC_WARN_UNDECLARED_SELECTOR = YES;
				GCC_WARN_UNINITIALIZED_AUTOS = YES_AGGRESSIVE;
				GCC_WARN_UNUSED_FUNCTION = YES;
				GCC_WARN_UNUSED_VARIABLE = YES;
				IPHONEOS_DEPLOYMENT_TARGET = 13.5;
				MTL_ENABLE_DEBUG_INFO = INCLUDE_SOURCE;
				MTL_FAST_MATH = YES;
				ONLY_ACTIVE_ARCH = YES;
				SDKROOT = iphoneos;
				SWIFT_ACTIVE_COMPILATION_CONDITIONS = DEBUG;
				SWIFT_OPTIMIZATION_LEVEL = "-Onone";
			};
			name = Debug;
		};
		452FD0C1260865A900CF2BEC /* Release */ = {
			isa = XCBuildConfiguration;
			buildSettings = {
				ALWAYS_SEARCH_USER_PATHS = NO;
				CLANG_ANALYZER_NONNULL = YES;
				CLANG_ANALYZER_NUMBER_OBJECT_CONVERSION = YES_AGGRESSIVE;
				CLANG_CXX_LANGUAGE_STANDARD = "gnu++14";
				CLANG_CXX_LIBRARY = "libc++";
				CLANG_ENABLE_MODULES = YES;
				CLANG_ENABLE_OBJC_ARC = YES;
				CLANG_ENABLE_OBJC_WEAK = YES;
				CLANG_WARN_BLOCK_CAPTURE_AUTORELEASING = YES;
				CLANG_WARN_BOOL_CONVERSION = YES;
				CLANG_WARN_COMMA = YES;
				CLANG_WARN_CONSTANT_CONVERSION = YES;
				CLANG_WARN_DEPRECATED_OBJC_IMPLEMENTATIONS = YES;
				CLANG_WARN_DIRECT_OBJC_ISA_USAGE = YES_ERROR;
				CLANG_WARN_DOCUMENTATION_COMMENTS = YES;
				CLANG_WARN_EMPTY_BODY = YES;
				CLANG_WARN_ENUM_CONVERSION = YES;
				CLANG_WARN_INFINITE_RECURSION = YES;
				CLANG_WARN_INT_CONVERSION = YES;
				CLANG_WARN_NON_LITERAL_NULL_CONVERSION = YES;
				CLANG_WARN_OBJC_IMPLICIT_RETAIN_SELF = YES;
				CLANG_WARN_OBJC_LITERAL_CONVERSION = YES;
				CLANG_WARN_OBJC_ROOT_CLASS = YES_ERROR;
				CLANG_WARN_RANGE_LOOP_ANALYSIS = YES;
				CLANG_WARN_STRICT_PROTOTYPES = YES;
				CLANG_WARN_SUSPICIOUS_MOVE = YES;
				CLANG_WARN_UNGUARDED_AVAILABILITY = YES_AGGRESSIVE;
				CLANG_WARN_UNREACHABLE_CODE = YES;
				CLANG_WARN__DUPLICATE_METHOD_MATCH = YES;
				COPY_PHASE_STRIP = NO;
				DEBUG_INFORMATION_FORMAT = "dwarf-with-dsym";
				ENABLE_NS_ASSERTIONS = NO;
				ENABLE_STRICT_OBJC_MSGSEND = YES;
				GCC_C_LANGUAGE_STANDARD = gnu11;
				GCC_NO_COMMON_BLOCKS = YES;
				GCC_WARN_64_TO_32_BIT_CONVERSION = YES;
				GCC_WARN_ABOUT_RETURN_TYPE = YES_ERROR;
				GCC_WARN_UNDECLARED_SELECTOR = YES;
				GCC_WARN_UNINITIALIZED_AUTOS = YES_AGGRESSIVE;
				GCC_WARN_UNUSED_FUNCTION = YES;
				GCC_WARN_UNUSED_VARIABLE = YES;
				IPHONEOS_DEPLOYMENT_TARGET = 13.5;
				MTL_ENABLE_DEBUG_INFO = NO;
				MTL_FAST_MATH = YES;
				SDKROOT = iphoneos;
				SWIFT_COMPILATION_MODE = wholemodule;
				SWIFT_OPTIMIZATION_LEVEL = "-O";
				VALIDATE_PRODUCT = YES;
			};
			name = Release;
		};
		452FD0C3260865A900CF2BEC /* Debug */ = {
			isa = XCBuildConfiguration;
			buildSettings = {
				ASSETCATALOG_COMPILER_APPICON_NAME = AppIcon;
				CODE_SIGN_STYLE = Automatic;
				INFOPLIST_FILE = MVCDemo/Resources/Info.plist;
				LD_RUNPATH_SEARCH_PATHS = (
					"$(inherited)",
					"@executable_path/Frameworks",
				);
				PRODUCT_BUNDLE_IDENTIFIER = com.kc.MVCDemo;
				PRODUCT_NAME = "$(TARGET_NAME)";
				SWIFT_VERSION = 5.0;
				TARGETED_DEVICE_FAMILY = "1,2";
			};
			name = Debug;
		};
		452FD0C4260865A900CF2BEC /* Release */ = {
			isa = XCBuildConfiguration;
			buildSettings = {
				ASSETCATALOG_COMPILER_APPICON_NAME = AppIcon;
				CODE_SIGN_STYLE = Automatic;
				INFOPLIST_FILE = MVCDemo/Resources/Info.plist;
				LD_RUNPATH_SEARCH_PATHS = (
					"$(inherited)",
					"@executable_path/Frameworks",
				);
				PRODUCT_BUNDLE_IDENTIFIER = com.kc.MVCDemo;
				PRODUCT_NAME = "$(TARGET_NAME)";
				SWIFT_VERSION = 5.0;
				TARGETED_DEVICE_FAMILY = "1,2";
			};
			name = Release;
		};
/* End XCBuildConfiguration section */

/* Begin XCConfigurationList section */
		452FD0A6260865A700CF2BEC /* Build configuration list for PBXProject "MVCDemo" */ = {
			isa = XCConfigurationList;
			buildConfigurations = (
				452FD0C0260865A900CF2BEC /* Debug */,
				452FD0C1260865A900CF2BEC /* Release */,
			);
			defaultConfigurationIsVisible = 0;
			defaultConfigurationName = Release;
		};
		452FD0C2260865A900CF2BEC /* Build configuration list for PBXNativeTarget "MVCDemo" */ = {
			isa = XCConfigurationList;
			buildConfigurations = (
				452FD0C3260865A900CF2BEC /* Debug */,
				452FD0C4260865A900CF2BEC /* Release */,
			);
			defaultConfigurationIsVisible = 0;
			defaultConfigurationName = Release;
		};
/* End XCConfigurationList section */

/* Begin XCVersionGroup section */
		452FD0B7260865A700CF2BEC /* MVCDemo.xcdatamodeld */ = {
			isa = XCVersionGroup;
			children = (
				452FD0B8260865A700CF2BEC /* MVCDemo.xcdatamodel */,
			);
			currentVersion = 452FD0B8260865A700CF2BEC /* MVCDemo.xcdatamodel */;
			path = MVCDemo.xcdatamodeld;
			sourceTree = "<group>";
			versionGroupType = wrapper.xcdatamodel;
		};
/* End XCVersionGroup section */
	};
	rootObject = 452FD0A3260865A700CF2BEC /* Project object */;
}
