// !$*UTF8*$!
{
	archiveVersion = 1;
	classes = {
	};
	objectVersion = 50;
	objects = {

/* Begin PBXBuildFile section */
		4530FB1C26163A360015A94A /* AppDelegate.swift in Sources */ = {isa = PBXBuildFile; fileRef = 4530FB1B26163A360015A94A /* AppDelegate.swift */; };
		4530FB1E26163A360015A94A /* SceneDelegate.swift in Sources */ = {isa = PBXBuildFile; fileRef = 4530FB1D26163A360015A94A /* SceneDelegate.swift */; };
		4530FB2026163A360015A94A /* ViewController.swift in Sources */ = {isa = PBXBuildFile; fileRef = 4530FB1F26163A360015A94A /* ViewController.swift */; };
		4530FB2326163A360015A94A /* Main.storyboard in Resources */ = {isa = PBXBuildFile; fileRef = 4530FB2126163A360015A94A /* Main.storyboard */; };
		4530FB2626163A360015A94A /* DelegateQ1.xcdatamodeld in Sources */ = {isa = PBXBuildFile; fileRef = 4530FB2426163A360015A94A /* DelegateQ1.xcdatamodeld */; };
		4530FB2826163A370015A94A /* Assets.xcassets in Resources */ = {isa = PBXBuildFile; fileRef = 4530FB2726163A370015A94A /* Assets.xcassets */; };
		4530FB2B26163A370015A94A /* LaunchScreen.storyboard in Resources */ = {isa = PBXBuildFile; fileRef = 4530FB2926163A370015A94A /* LaunchScreen.storyboard */; };
		4530FB332617854E0015A94A /* FirstViewController.swift in Sources */ = {isa = PBXBuildFile; fileRef = 4530FB322617854E0015A94A /* FirstViewController.swift */; };
		4530FB362617B2A60015A94A /* CustomTableViewCell.swift in Sources */ = {isa = PBXBuildFile; fileRef = 4530FB342617B2A60015A94A /* CustomTableViewCell.swift */; };
		4530FB372617B2A60015A94A /* CustomTableViewCell.xib in Resources */ = {isa = PBXBuildFile; fileRef = 4530FB352617B2A60015A94A /* CustomTableViewCell.xib */; };
/* End PBXBuildFile section */

/* Begin PBXFileReference section */
		4530FB1826163A360015A94A /* DelegateQ1.app */ = {isa = PBXFileReference; explicitFileType = wrapper.application; includeInIndex = 0; path = DelegateQ1.app; sourceTree = BUILT_PRODUCTS_DIR; };
		4530FB1B26163A360015A94A /* AppDelegate.swift */ = {isa = PBXFileReference; lastKnownFileType = sourcecode.swift; path = AppDelegate.swift; sourceTree = "<group>"; };
		4530FB1D26163A360015A94A /* SceneDelegate.swift */ = {isa = PBXFileReference; lastKnownFileType = sourcecode.swift; path = SceneDelegate.swift; sourceTree = "<group>"; };
		4530FB1F26163A360015A94A /* ViewController.swift */ = {isa = PBXFileReference; lastKnownFileType = sourcecode.swift; path = ViewController.swift; sourceTree = "<group>"; };
		4530FB2226163A360015A94A /* Base */ = {isa = PBXFileReference; lastKnownFileType = file.storyboard; name = Base; path = Base.lproj/Main.storyboard; sourceTree = "<group>"; };
		4530FB2526163A360015A94A /* DelegateQ1.xcdatamodel */ = {isa = PBXFileReference; lastKnownFileType = wrapper.xcdatamodel; path = DelegateQ1.xcdatamodel; sourceTree = "<group>"; };
		4530FB2726163A370015A94A /* Assets.xcassets */ = {isa = PBXFileReference; lastKnownFileType = folder.assetcatalog; path = Assets.xcassets; sourceTree = "<group>"; };
		4530FB2A26163A370015A94A /* Base */ = {isa = PBXFileReference; lastKnownFileType = file.storyboard; name = Base; path = Base.lproj/LaunchScreen.storyboard; sourceTree = "<group>"; };
		4530FB2C26163A370015A94A /* Info.plist */ = {isa = PBXFileReference; lastKnownFileType = text.plist.xml; path = Info.plist; sourceTree = "<group>"; };
		4530FB322617854E0015A94A /* FirstViewController.swift */ = {isa = PBXFileReference; lastKnownFileType = sourcecode.swift; path = FirstViewController.swift; sourceTree = "<group>"; };
		4530FB342617B2A60015A94A /* CustomTableViewCell.swift */ = {isa = PBXFileReference; lastKnownFileType = sourcecode.swift; path = CustomTableViewCell.swift; sourceTree = "<group>"; };
		4530FB352617B2A60015A94A /* CustomTableViewCell.xib */ = {isa = PBXFileReference; lastKnownFileType = file.xib; path = CustomTableViewCell.xib; sourceTree = "<group>"; };
/* End PBXFileReference section */

/* Begin PBXFrameworksBuildPhase section */
		4530FB1526163A360015A94A /* Frameworks */ = {
			isa = PBXFrameworksBuildPhase;
			buildActionMask = 2147483647;
			files = (
			);
			runOnlyForDeploymentPostprocessing = 0;
		};
/* End PBXFrameworksBuildPhase section */

/* Begin PBXGroup section */
		4530FB0F26163A360015A94A = {
			isa = PBXGroup;
			children = (
				4530FB1A26163A360015A94A /* DelegateQ1 */,
				4530FB1926163A360015A94A /* Products */,
			);
			sourceTree = "<group>";
		};
		4530FB1926163A360015A94A /* Products */ = {
			isa = PBXGroup;
			children = (
				4530FB1826163A360015A94A /* DelegateQ1.app */,
			);
			name = Products;
			sourceTree = "<group>";
		};
		4530FB1A26163A360015A94A /* DelegateQ1 */ = {
			isa = PBXGroup;
			children = (
				4530FB1B26163A360015A94A /* AppDelegate.swift */,
				4530FB1D26163A360015A94A /* SceneDelegate.swift */,
				4530FB1F26163A360015A94A /* ViewController.swift */,
				4530FB2126163A360015A94A /* Main.storyboard */,
				4530FB2726163A370015A94A /* Assets.xcassets */,
				4530FB2926163A370015A94A /* LaunchScreen.storyboard */,
				4530FB2C26163A370015A94A /* Info.plist */,
				4530FB2426163A360015A94A /* DelegateQ1.xcdatamodeld */,
				4530FB322617854E0015A94A /* FirstViewController.swift */,
				4530FB342617B2A60015A94A /* CustomTableViewCell.swift */,
				4530FB352617B2A60015A94A /* CustomTableViewCell.xib */,
			);
			path = DelegateQ1;
			sourceTree = "<group>";
		};
/* End PBXGroup section */

/* Begin PBXNativeTarget section */
		4530FB1726163A360015A94A /* DelegateQ1 */ = {
			isa = PBXNativeTarget;
			buildConfigurationList = 4530FB2F26163A370015A94A /* Build configuration list for PBXNativeTarget "DelegateQ1" */;
			buildPhases = (
				4530FB1426163A360015A94A /* Sources */,
				4530FB1526163A360015A94A /* Frameworks */,
				4530FB1626163A360015A94A /* Resources */,
			);
			buildRules = (
			);
			dependencies = (
			);
			name = DelegateQ1;
			productName = DelegateQ1;
			productReference = 4530FB1826163A360015A94A /* DelegateQ1.app */;
			productType = "com.apple.product-type.application";
		};
/* End PBXNativeTarget section */

/* Begin PBXProject section */
		4530FB1026163A360015A94A /* Project object */ = {
			isa = PBXProject;
			attributes = {
				LastSwiftUpdateCheck = 1150;
				LastUpgradeCheck = 1150;
				ORGANIZATIONNAME = TTN;
				TargetAttributes = {
					4530FB1726163A360015A94A = {
						CreatedOnToolsVersion = 11.5;
					};
				};
			};
			buildConfigurationList = 4530FB1326163A360015A94A /* Build configuration list for PBXProject "DelegateQ1" */;
			compatibilityVersion = "Xcode 9.3";
			developmentRegion = en;
			hasScannedForEncodings = 0;
			knownRegions = (
				en,
				Base,
			);
			mainGroup = 4530FB0F26163A360015A94A;
			productRefGroup = 4530FB1926163A360015A94A /* Products */;
			projectDirPath = "";
			projectRoot = "";
			targets = (
				4530FB1726163A360015A94A /* DelegateQ1 */,
			);
		};
/* End PBXProject section */

/* Begin PBXResourcesBuildPhase section */
		4530FB1626163A360015A94A /* Resources */ = {
			isa = PBXResourcesBuildPhase;
			buildActionMask = 2147483647;
			files = (
				4530FB2B26163A370015A94A /* LaunchScreen.storyboard in Resources */,
				4530FB2826163A370015A94A /* Assets.xcassets in Resources */,
				4530FB372617B2A60015A94A /* CustomTableViewCell.xib in Resources */,
				4530FB2326163A360015A94A /* Main.storyboard in Resources */,
			);
			runOnlyForDeploymentPostprocessing = 0;
		};
/* End PBXResourcesBuildPhase section */

/* Begin PBXSourcesBuildPhase section */
		4530FB1426163A360015A94A /* Sources */ = {
			isa = PBXSourcesBuildPhase;
			buildActionMask = 2147483647;
			files = (
				4530FB362617B2A60015A94A /* CustomTableViewCell.swift in Sources */,
				4530FB332617854E0015A94A /* FirstViewController.swift in Sources */,
				4530FB2626163A360015A94A /* DelegateQ1.xcdatamodeld in Sources */,
				4530FB2026163A360015A94A /* ViewController.swift in Sources */,
				4530FB1C26163A360015A94A /* AppDelegate.swift in Sources */,
				4530FB1E26163A360015A94A /* SceneDelegate.swift in Sources */,
			);
			runOnlyForDeploymentPostprocessing = 0;
		};
/* End PBXSourcesBuildPhase section */

/* Begin PBXVariantGroup section */
		4530FB2126163A360015A94A /* Main.storyboard */ = {
			isa = PBXVariantGroup;
			children = (
				4530FB2226163A360015A94A /* Base */,
			);
			name = Main.storyboard;
			sourceTree = "<group>";
		};
		4530FB2926163A370015A94A /* LaunchScreen.storyboard */ = {
			isa = PBXVariantGroup;
			children = (
				4530FB2A26163A370015A94A /* Base */,
			);
			name = LaunchScreen.storyboard;
			sourceTree = "<group>";
		};
/* End PBXVariantGroup section */

/* Begin XCBuildConfiguration section */
		4530FB2D26163A370015A94A /* Debug */ = {
			isa = XCBuildConfiguration;
			buildSettings = {
				ALWAYS_SEARCH_USER_PATHS = NO;
				CLANG_ANALYZER_NONNULL = YES;
				CLANG_ANALYZER_NUMBER_OBJECT_CONVERSION = YES_AGGRESSIVE;
				CLANG_CXX_LANGUAGE_STANDARD = "gnu++14";
				CLANG_CXX_LIBRARY = "libc++";
				CLANG_ENABLE_MODULES = YES;
				CLANG_ENABLE_OBJC_ARC = YES;
				CLANG_ENABLE_OBJC_WEAK = YES;
				CLANG_WARN_BLOCK_CAPTURE_AUTORELEASING = YES;
				CLANG_WARN_BOOL_CONVERSION = YES;
				CLANG_WARN_COMMA = YES;
				CLANG_WARN_CONSTANT_CONVERSION = YES;
				CLANG_WARN_DEPRECATED_OBJC_IMPLEMENTATIONS = YES;
				CLANG_WARN_DIRECT_OBJC_ISA_USAGE = YES_ERROR;
				CLANG_WARN_DOCUMENTATION_COMMENTS = YES;
				CLANG_WARN_EMPTY_BODY = YES;
				CLANG_WARN_ENUM_CONVERSION = YES;
				CLANG_WARN_INFINITE_RECURSION = YES;
				CLANG_WARN_INT_CONVERSION = YES;
				CLANG_WARN_NON_LITERAL_NULL_CONVERSION = YES;
				CLANG_WARN_OBJC_IMPLICIT_RETAIN_SELF = YES;
				CLANG_WARN_OBJC_LITERAL_CONVERSION = YES;
				CLANG_WARN_OBJC_ROOT_CLASS = YES_ERROR;
				CLANG_WARN_RANGE_LOOP_ANALYSIS = YES;
				CLANG_WARN_STRICT_PROTOTYPES = YES;
				CLANG_WARN_SUSPICIOUS_MOVE = YES;
				CLANG_WARN_UNGUARDED_AVAILABILITY = YES_AGGRESSIVE;
				CLANG_WARN_UNREACHABLE_CODE = YES;
				CLANG_WARN__DUPLICATE_METHOD_MATCH = YES;
				COPY_PHASE_STRIP = NO;
				DEBUG_INFORMATION_FORMAT = dwarf;
				ENABLE_STRICT_OBJC_MSGSEND = YES;
				ENABLE_TESTABILITY = YES;
				GCC_C_LANGUAGE_STANDARD = gnu11;
				GCC_DYNAMIC_NO_PIC = NO;
				GCC_NO_COMMON_BLOCKS = YES;
				GCC_OPTIMIZATION_LEVEL = 0;
				GCC_PREPROCESSOR_DEFINITIONS = (
					"DEBUG=1",
					"$(inherited)",
				);
				GCC_WARN_64_TO_32_BIT_CONVERSION = YES;
				GCC_WARN_ABOUT_RETURN_TYPE = YES_ERROR;
				GCC_WARN_UNDECLARED_SELECTOR = YES;
				GCC_WARN_UNINITIALIZED_AUTOS = YES_AGGRESSIVE;
				GCC_WARN_UNUSED_FUNCTION = YES;
				GCC_WARN_UNUSED_VARIABLE = YES;
				IPHONEOS_DEPLOYMENT_TARGET = 13.5;
				MTL_ENABLE_DEBUG_INFO = INCLUDE_SOURCE;
				MTL_FAST_MATH = YES;
				ONLY_ACTIVE_ARCH = YES;
				SDKROOT = iphoneos;
				SWIFT_ACTIVE_COMPILATION_CONDITIONS = DEBUG;
				SWIFT_OPTIMIZATION_LEVEL = "-Onone";
			};
			name = Debug;
		};
		4530FB2E26163A370015A94A /* Release */ = {
			isa = XCBuildConfiguration;
			buildSettings = {
				ALWAYS_SEARCH_USER_PATHS = NO;
				CLANG_ANALYZER_NONNULL = YES;
				CLANG_ANALYZER_NUMBER_OBJECT_CONVERSION = YES_AGGRESSIVE;
				CLANG_CXX_LANGUAGE_STANDARD = "gnu++14";
				CLANG_CXX_LIBRARY = "libc++";
				CLANG_ENABLE_MODULES = YES;
				CLANG_ENABLE_OBJC_ARC = YES;
				CLANG_ENABLE_OBJC_WEAK = YES;
				CLANG_WARN_BLOCK_CAPTURE_AUTORELEASING = YES;
				CLANG_WARN_BOOL_CONVERSION = YES;
				CLANG_WARN_COMMA = YES;
				CLANG_WARN_CONSTANT_CONVERSION = YES;
				CLANG_WARN_DEPRECATED_OBJC_IMPLEMENTATIONS = YES;
				CLANG_WARN_DIRECT_OBJC_ISA_USAGE = YES_ERROR;
				CLANG_WARN_DOCUMENTATION_COMMENTS = YES;
				CLANG_WARN_EMPTY_BODY = YES;
				CLANG_WARN_ENUM_CONVERSION = YES;
				CLANG_WARN_INFINITE_RECURSION = YES;
				CLANG_WARN_INT_CONVERSION = YES;
				CLANG_WARN_NON_LITERAL_NULL_CONVERSION = YES;
				CLANG_WARN_OBJC_IMPLICIT_RETAIN_SELF = YES;
				CLANG_WARN_OBJC_LITERAL_CONVERSION = YES;
				CLANG_WARN_OBJC_ROOT_CLASS = YES_ERROR;
				CLANG_WARN_RANGE_LOOP_ANALYSIS = YES;
				CLANG_WARN_STRICT_PROTOTYPES = YES;
				CLANG_WARN_SUSPICIOUS_MOVE = YES;
				CLANG_WARN_UNGUARDED_AVAILABILITY = YES_AGGRESSIVE;
				CLANG_WARN_UNREACHABLE_CODE = YES;
				CLANG_WARN__DUPLICATE_METHOD_MATCH = YES;
				COPY_PHASE_STRIP = NO;
				DEBUG_INFORMATION_FORMAT = "dwarf-with-dsym";
				ENABLE_NS_ASSERTIONS = NO;
				ENABLE_STRICT_OBJC_MSGSEND = YES;
				GCC_C_LANGUAGE_STANDARD = gnu11;
				GCC_NO_COMMON_BLOCKS = YES;
				GCC_WARN_64_TO_32_BIT_CONVERSION = YES;
				GCC_WARN_ABOUT_RETURN_TYPE = YES_ERROR;
				GCC_WARN_UNDECLARED_SELECTOR = YES;
				GCC_WARN_UNINITIALIZED_AUTOS = YES_AGGRESSIVE;
				GCC_WARN_UNUSED_FUNCTION = YES;
				GCC_WARN_UNUSED_VARIABLE = YES;
				IPHONEOS_DEPLOYMENT_TARGET = 13.5;
				MTL_ENABLE_DEBUG_INFO = NO;
				MTL_FAST_MATH = YES;
				SDKROOT = iphoneos;
				SWIFT_COMPILATION_MODE = wholemodule;
				SWIFT_OPTIMIZATION_LEVEL = "-O";
				VALIDATE_PRODUCT = YES;
			};
			name = Release;
		};
		4530FB3026163A370015A94A /* Debug */ = {
			isa = XCBuildConfiguration;
			buildSettings = {
				ASSETCATALOG_COMPILER_APPICON_NAME = AppIcon;
				CODE_SIGN_STYLE = Automatic;
				INFOPLIST_FILE = DelegateQ1/Info.plist;
				LD_RUNPATH_SEARCH_PATHS = (
					"$(inherited)",
					"@executable_path/Frameworks",
				);
				PRODUCT_BUNDLE_IDENTIFIER = com.kc.DelegateQ1;
				PRODUCT_NAME = "$(TARGET_NAME)";
				SWIFT_VERSION = 5.0;
				TARGETED_DEVICE_FAMILY = "1,2";
			};
			name = Debug;
		};
		4530FB3126163A370015A94A /* Release */ = {
			isa = XCBuildConfiguration;
			buildSettings = {
				ASSETCATALOG_COMPILER_APPICON_NAME = AppIcon;
				CODE_SIGN_STYLE = Automatic;
				INFOPLIST_FILE = DelegateQ1/Info.plist;
				LD_RUNPATH_SEARCH_PATHS = (
					"$(inherited)",
					"@executable_path/Frameworks",
				);
				PRODUCT_BUNDLE_IDENTIFIER = com.kc.DelegateQ1;
				PRODUCT_NAME = "$(TARGET_NAME)";
				SWIFT_VERSION = 5.0;
				TARGETED_DEVICE_FAMILY = "1,2";
			};
			name = Release;
		};
/* End XCBuildConfiguration section */

/* Begin XCConfigurationList section */
		4530FB1326163A360015A94A /* Build configuration list for PBXProject "DelegateQ1" */ = {
			isa = XCConfigurationList;
			buildConfigurations = (
				4530FB2D26163A370015A94A /* Debug */,
				4530FB2E26163A370015A94A /* Release */,
			);
			defaultConfigurationIsVisible = 0;
			defaultConfigurationName = Release;
		};
		4530FB2F26163A370015A94A /* Build configuration list for PBXNativeTarget "DelegateQ1" */ = {
			isa = XCConfigurationList;
			buildConfigurations = (
				4530FB3026163A370015A94A /* Debug */,
				4530FB3126163A370015A94A /* Release */,
			);
			defaultConfigurationIsVisible = 0;
			defaultConfigurationName = Release;
		};
/* End XCConfigurationList section */

/* Begin XCVersionGroup section */
		4530FB2426163A360015A94A /* DelegateQ1.xcdatamodeld */ = {
			isa = XCVersionGroup;
			children = (
				4530FB2526163A360015A94A /* DelegateQ1.xcdatamodel */,
			);
			currentVersion = 4530FB2526163A360015A94A /* DelegateQ1.xcdatamodel */;
			path = DelegateQ1.xcdatamodeld;
			sourceTree = "<group>";
			versionGroupType = wrapper.xcdatamodel;
		};
/* End XCVersionGroup section */
	};
	rootObject = 4530FB1026163A360015A94A /* Project object */;
}
